version = 1
revision = 2
requires-python = ">=3.13"

[[package]]
name = "slack-bolt"
version = "1.27.0"
source = { registry = "https://pypi.org/simple" }
dependencies = [
    { name = "slack-sdk" },
]
sdist = { url = "https://files.pythonhosted.org/packages/4c/28/50ed0b86e48b48e6ddcc71de93b91c8ac14a55d1249e4bff0586494a2f90/slack_bolt-1.27.0.tar.gz", hash = "sha256:3db91d64e277e176a565c574ae82748aa8554f19e41a4fceadca4d65374ce1e0", size = 129101, upload-time = "2025-11-13T20:17:46.878Z" }
wheels = [
    { url = "https://files.pythonhosted.org/packages/01/a8/1acb355759747ba4da5f45c1a33d641994b9e04b914908c9434f18bd97e8/slack_bolt-1.27.0-py2.py3-none-any.whl", hash = "sha256:c43c94bf34740f2adeb9b55566c83f1e73fed6ba2878bd346cdfd6fd8ad22360", size = 230428, upload-time = "2025-11-13T20:17:45.465Z" },
]

[[package]]
name = "slack-sdk"
version = "3.40.1"
source = { registry = "https://pypi.org/simple" }
sdist = { url = "https://files.pythonhosted.org/packages/3a/18/784859b33a3f9c8cdaa1eda4115eb9fe72a0a37304718887d12991eeb2fd/slack_sdk-3.40.1.tar.gz", hash = "sha256:a215333bc251bc90abf5f5110899497bf61a3b5184b6d9ee35d73ebf09ec3fd0", size = 250379, upload-time = "2026-02-18T22:11:01.819Z" }
wheels = [
    { url = "https://files.pythonhosted.org/packages/6e/e1/bb81f93c9f403e3b573c429dd4838ec9b44e4ef35f3b0759eb49557ab6e3/slack_sdk-3.40.1-py2.py3-none-any.whl", hash = "sha256:cd8902252979aa248092b0d77f3a9ea3cc605bc5d53663ad728e892e26e14a65", size = 313687, upload-time = "2026-02-18T22:11:00.027Z" },
]

[[package]]
name = "slack-tabmcp-chat-bot"
version = "0.1.0"
source = { virtual = "." }
dependencies = [
    { name = "slack-bolt" },
]

[package.metadata]
requires-dist = [{ name = "slack-bolt", specifier = ">=1.27.0" }]
